{
  "name": "spring-boot-app",
  "lockfileVersion": 3,
  "requires": true,
  "packages": {
    "": {
      "devDependencies": {
        "@types/jasmine": "^5.1.7"
      }
    },
    "node_modules/@types/jasmine": {
      "version": "5.1.7",
      "resolved": "https://registry.npmmirror.com/@types/jasmine/-/jasmine-5.1.7.tgz",
      "integrity": "sha512-DVOfk9FaClQfNFpSfaML15jjB5cjffDMvjtph525sroR5BEAW2uKnTOYUTqTFuZFjNvH0T5XMIydvIctnUKufw==",
      "dev": true
    }
  }
}
